
Microsoft Visual Studio Solution File, Format Version 12.00
# Visual Studio Version 16
VisualStudioVersion = 25.0.1704.2
MinimumVisualStudioVersion = 10.0.40219.1
Project("{FAE04EC0-301F-11D3-BF4B-00C04F79EFBC}") = "deliverable(4)_Arrays", "deliverable(4)_Arrays\deliverable(4)_Arrays.csproj", "{7D9DA941-80E2-49EF-B1F2-00EA46F66DCE}"
EndProject
Global
	GlobalSection(SolutionConfigurationPlatforms) = preSolution
		Debug|Any CPU = Debug|Any CPU
		Release|Any CPU = Release|Any CPU
	EndGlobalSection
	GlobalSection(ProjectConfigurationPlatforms) = postSolution
		{7D9DA941-80E2-49EF-B1F2-00EA46F66DCE}.Debug|Any CPU.ActiveCfg = Debug|Any CPU
		{7D9DA941-80E2-49EF-B1F2-00EA46F66DCE}.Debug|Any CPU.Build.0 = Debug|Any CPU
		{7D9DA941-80E2-49EF-B1F2-00EA46F66DCE}.Release|Any CPU.ActiveCfg = Release|Any CPU
		{7D9DA941-80E2-49EF-B1F2-00EA46F66DCE}.Release|Any CPU.Build.0 = Release|Any CPU
	EndGlobalSection
	GlobalSection(SolutionProperties) = preSolution
		HideSolutionNode = FALSE
	EndGlobalSection
	GlobalSection(ExtensibilityGlobals) = postSolution
		SolutionGuid = {7E326ED4-9312-4561-B46A-DC59D6B695D7}
	EndGlobalSection
EndGlobal
